{
    "requires": true,
    "lockfileVersion": 1,
    "dependencies": {
        "skitter-slider": {
            "version": "5.1.4",
            "resolved": "https://registry.npmjs.org/skitter-slider/-/skitter-slider-5.1.4.tgz",
            "integrity": "sha1-U7IXXMNsH/GUUkztzavGWyml+Qo="
        }
    }
}
